
Microsoft Visual Studio Solution File, Format Version 12.00
# Visual Studio Version 17
VisualStudioVersion = 17.14.36518.9 d17.14
MinimumVisualStudioVersion = 10.0.40219.1
Project("{FAE04EC0-301F-11D3-BF4B-00C04F79EFBC}") = "Centro medico HealthTech", "Centro medico HealthTech\Centro medico HealthTech.csproj", "{2FFE5B46-0FFE-4F89-9827-E31E7B778F76}"
EndProject
Global
	GlobalSection(SolutionConfigurationPlatforms) = preSolution
		Debug|Any CPU = Debug|Any CPU
		Release|Any CPU = Release|Any CPU
	EndGlobalSection
	GlobalSection(ProjectConfigurationPlatforms) = postSolution
		{2FFE5B46-0FFE-4F89-9827-E31E7B778F76}.Debug|Any CPU.ActiveCfg = Debug|Any CPU
		{2FFE5B46-0FFE-4F89-9827-E31E7B778F76}.Debug|Any CPU.Build.0 = Debug|Any CPU
		{2FFE5B46-0FFE-4F89-9827-E31E7B778F76}.Release|Any CPU.ActiveCfg = Release|Any CPU
		{2FFE5B46-0FFE-4F89-9827-E31E7B778F76}.Release|Any CPU.Build.0 = Release|Any CPU
	EndGlobalSection
	GlobalSection(SolutionProperties) = preSolution
		HideSolutionNode = FALSE
	EndGlobalSection
	GlobalSection(ExtensibilityGlobals) = postSolution
		SolutionGuid = {F3E65238-34F3-48E7-B422-413776085D4F}
	EndGlobalSection
EndGlobal
