
Microsoft Visual Studio Solution File, Format Version 12.00
# Visual Studio Version 17
VisualStudioVersion = 17.14.36518.9 d17.14
MinimumVisualStudioVersion = 10.0.40219.1
Project("{FAE04EC0-301F-11D3-BF4B-00C04F79EFBC}") = "ArchivosEjercicios", "ArchivosEjercicios\ArchivosEjercicios.csproj", "{C11F58A3-3D37-42DC-A246-8E219A1D97A0}"
EndProject
Global
	GlobalSection(SolutionConfigurationPlatforms) = preSolution
		Debug|Any CPU = Debug|Any CPU
		Release|Any CPU = Release|Any CPU
	EndGlobalSection
	GlobalSection(ProjectConfigurationPlatforms) = postSolution
		{C11F58A3-3D37-42DC-A246-8E219A1D97A0}.Debug|Any CPU.ActiveCfg = Debug|Any CPU
		{C11F58A3-3D37-42DC-A246-8E219A1D97A0}.Debug|Any CPU.Build.0 = Debug|Any CPU
		{C11F58A3-3D37-42DC-A246-8E219A1D97A0}.Release|Any CPU.ActiveCfg = Release|Any CPU
		{C11F58A3-3D37-42DC-A246-8E219A1D97A0}.Release|Any CPU.Build.0 = Release|Any CPU
	EndGlobalSection
	GlobalSection(SolutionProperties) = preSolution
		HideSolutionNode = FALSE
	EndGlobalSection
	GlobalSection(ExtensibilityGlobals) = postSolution
		SolutionGuid = {C1CFCE88-7D09-4FCD-BC99-AD681ACD6042}
	EndGlobalSection
EndGlobal
