
Microsoft Visual Studio Solution File, Format Version 12.00
# Visual Studio Version 17
VisualStudioVersion = 17.14.36518.9 d17.14
MinimumVisualStudioVersion = 10.0.40219.1
Project("{FAE04EC0-301F-11D3-BF4B-00C04F79EFBC}") = "EjerciciosTema2", "EjerciciosTema2\EjerciciosTema2.csproj", "{87008478-9FCA-411E-8142-ECF72687F692}"
EndProject
Global
	GlobalSection(SolutionConfigurationPlatforms) = preSolution
		Debug|Any CPU = Debug|Any CPU
		Release|Any CPU = Release|Any CPU
	EndGlobalSection
	GlobalSection(ProjectConfigurationPlatforms) = postSolution
		{87008478-9FCA-411E-8142-ECF72687F692}.Debug|Any CPU.ActiveCfg = Debug|Any CPU
		{87008478-9FCA-411E-8142-ECF72687F692}.Debug|Any CPU.Build.0 = Debug|Any CPU
		{87008478-9FCA-411E-8142-ECF72687F692}.Release|Any CPU.ActiveCfg = Release|Any CPU
		{87008478-9FCA-411E-8142-ECF72687F692}.Release|Any CPU.Build.0 = Release|Any CPU
	EndGlobalSection
	GlobalSection(SolutionProperties) = preSolution
		HideSolutionNode = FALSE
	EndGlobalSection
	GlobalSection(ExtensibilityGlobals) = postSolution
		SolutionGuid = {8309C93B-9F45-40BA-867D-3EB063E2924B}
	EndGlobalSection
EndGlobal
