
Microsoft Visual Studio Solution File, Format Version 12.00
# Visual Studio Version 17
VisualStudioVersion = 17.14.36518.9 d17.14
MinimumVisualStudioVersion = 10.0.40219.1
Project("{FAE04EC0-301F-11D3-BF4B-00C04F79EFBC}") = "Creador de Estructura de Proyectos archivoEj3", "Creador de Estructura de Proyectos archivoEj3\Creador de Estructura de Proyectos archivoEj3.csproj", "{68F96E33-6720-4A63-B4B6-F1176DDEE387}"
EndProject
Global
	GlobalSection(SolutionConfigurationPlatforms) = preSolution
		Debug|Any CPU = Debug|Any CPU
		Release|Any CPU = Release|Any CPU
	EndGlobalSection
	GlobalSection(ProjectConfigurationPlatforms) = postSolution
		{68F96E33-6720-4A63-B4B6-F1176DDEE387}.Debug|Any CPU.ActiveCfg = Debug|Any CPU
		{68F96E33-6720-4A63-B4B6-F1176DDEE387}.Debug|Any CPU.Build.0 = Debug|Any CPU
		{68F96E33-6720-4A63-B4B6-F1176DDEE387}.Release|Any CPU.ActiveCfg = Release|Any CPU
		{68F96E33-6720-4A63-B4B6-F1176DDEE387}.Release|Any CPU.Build.0 = Release|Any CPU
	EndGlobalSection
	GlobalSection(SolutionProperties) = preSolution
		HideSolutionNode = FALSE
	EndGlobalSection
	GlobalSection(ExtensibilityGlobals) = postSolution
		SolutionGuid = {BA736E79-4F90-4AF5-A5F0-D393F0351DBF}
	EndGlobalSection
EndGlobal
