
Microsoft Visual Studio Solution File, Format Version 12.00
# Visual Studio Version 17
VisualStudioVersion = 17.14.36518.9 d17.14
MinimumVisualStudioVersion = 10.0.40219.1
Project("{FAE04EC0-301F-11D3-BF4B-00C04F79EFBC}") = "ReservaHotel", "ReservaHotel\ReservaHotel.csproj", "{4C4DE284-9D34-4851-8E43-1B54ECF53C0A}"
EndProject
Global
	GlobalSection(SolutionConfigurationPlatforms) = preSolution
		Debug|Any CPU = Debug|Any CPU
		Release|Any CPU = Release|Any CPU
	EndGlobalSection
	GlobalSection(ProjectConfigurationPlatforms) = postSolution
		{4C4DE284-9D34-4851-8E43-1B54ECF53C0A}.Debug|Any CPU.ActiveCfg = Debug|Any CPU
		{4C4DE284-9D34-4851-8E43-1B54ECF53C0A}.Debug|Any CPU.Build.0 = Debug|Any CPU
		{4C4DE284-9D34-4851-8E43-1B54ECF53C0A}.Release|Any CPU.ActiveCfg = Release|Any CPU
		{4C4DE284-9D34-4851-8E43-1B54ECF53C0A}.Release|Any CPU.Build.0 = Release|Any CPU
	EndGlobalSection
	GlobalSection(SolutionProperties) = preSolution
		HideSolutionNode = FALSE
	EndGlobalSection
	GlobalSection(ExtensibilityGlobals) = postSolution
		SolutionGuid = {0395243F-42E6-4D56-8BCB-17F2A9236BB2}
	EndGlobalSection
EndGlobal
