
Microsoft Visual Studio Solution File, Format Version 12.00
# Visual Studio Version 17
VisualStudioVersion = 17.14.36518.9 d17.14
MinimumVisualStudioVersion = 10.0.40219.1
Project("{FAE04EC0-301F-11D3-BF4B-00C04F79EFBC}") = "RegistrodeEmpleados", "RegistrodeEmpleados\RegistrodeEmpleados.csproj", "{37B01C3B-2EB8-499B-97AA-183A1835C4C7}"
EndProject
Global
	GlobalSection(SolutionConfigurationPlatforms) = preSolution
		Debug|Any CPU = Debug|Any CPU
		Release|Any CPU = Release|Any CPU
	EndGlobalSection
	GlobalSection(ProjectConfigurationPlatforms) = postSolution
		{37B01C3B-2EB8-499B-97AA-183A1835C4C7}.Debug|Any CPU.ActiveCfg = Debug|Any CPU
		{37B01C3B-2EB8-499B-97AA-183A1835C4C7}.Debug|Any CPU.Build.0 = Debug|Any CPU
		{37B01C3B-2EB8-499B-97AA-183A1835C4C7}.Release|Any CPU.ActiveCfg = Release|Any CPU
		{37B01C3B-2EB8-499B-97AA-183A1835C4C7}.Release|Any CPU.Build.0 = Release|Any CPU
	EndGlobalSection
	GlobalSection(SolutionProperties) = preSolution
		HideSolutionNode = FALSE
	EndGlobalSection
	GlobalSection(ExtensibilityGlobals) = postSolution
		SolutionGuid = {30AB3C73-3E82-48FD-928C-171A25A1BFD3}
	EndGlobalSection
EndGlobal
